
Microsoft Visual Studio Solution File, Format Version 12.00
# Visual Studio 15
VisualStudioVersion = 15.0.28307.329
MinimumVisualStudioVersion = 10.0.40219.1
Project("{9A19103F-16F7-4668-BE54-9A1E7A4F7556}") = "Lib", "Lib\Lib.csproj", "{082372BD-99C2-4BC6-84C5-E3CA271B9B99}"
EndProject
Project("{9A19103F-16F7-4668-BE54-9A1E7A4F7556}") = "DemoConsole", "DemoConsole\DemoConsole.csproj", "{C673A170-E956-4C3B-B190-8E59CCD20B68}"
EndProject
Project("{FAE04EC0-301F-11D3-BF4B-00C04F79EFBC}") = "Ext", "Ext\Ext.csproj", "{33A8AC58-1981-42BD-A5F7-1AF811824B04}"
EndProject
Global
	GlobalSection(SolutionConfigurationPlatforms) = preSolution
		Debug|Any CPU = Debug|Any CPU
		Release|Any CPU = Release|Any CPU
	EndGlobalSection
	GlobalSection(ProjectConfigurationPlatforms) = postSolution
		{082372BD-99C2-4BC6-84C5-E3CA271B9B99}.Debug|Any CPU.ActiveCfg = Debug|Any CPU
		{082372BD-99C2-4BC6-84C5-E3CA271B9B99}.Debug|Any CPU.Build.0 = Debug|Any CPU
		{082372BD-99C2-4BC6-84C5-E3CA271B9B99}.Release|Any CPU.ActiveCfg = Release|Any CPU
		{082372BD-99C2-4BC6-84C5-E3CA271B9B99}.Release|Any CPU.Build.0 = Release|Any CPU
		{C673A170-E956-4C3B-B190-8E59CCD20B68}.Debug|Any CPU.ActiveCfg = Debug|Any CPU
		{C673A170-E956-4C3B-B190-8E59CCD20B68}.Debug|Any CPU.Build.0 = Debug|Any CPU
		{C673A170-E956-4C3B-B190-8E59CCD20B68}.Release|Any CPU.ActiveCfg = Release|Any CPU
		{C673A170-E956-4C3B-B190-8E59CCD20B68}.Release|Any CPU.Build.0 = Release|Any CPU
		{33A8AC58-1981-42BD-A5F7-1AF811824B04}.Debug|Any CPU.ActiveCfg = Debug|Any CPU
		{33A8AC58-1981-42BD-A5F7-1AF811824B04}.Debug|Any CPU.Build.0 = Debug|Any CPU
		{33A8AC58-1981-42BD-A5F7-1AF811824B04}.Release|Any CPU.ActiveCfg = Release|Any CPU
		{33A8AC58-1981-42BD-A5F7-1AF811824B04}.Release|Any CPU.Build.0 = Release|Any CPU
	EndGlobalSection
	GlobalSection(SolutionProperties) = preSolution
		HideSolutionNode = FALSE
	EndGlobalSection
	GlobalSection(ExtensibilityGlobals) = postSolution
		SolutionGuid = {5C45AA39-7EE6-4BBC-81E7-2ED4A059A83E}
	EndGlobalSection
EndGlobal
