
Microsoft Visual Studio Solution File, Format Version 12.00
# Visual Studio 15
VisualStudioVersion = 15.0.28307.329
MinimumVisualStudioVersion = 10.0.40219.1
Project("{9A19103F-16F7-4668-BE54-9A1E7A4F7556}") = "Melvicorp.Data", "Melvicorp.Data\Melvicorp.Data.csproj", "{EE952343-F24B-455B-99DA-612E0CE918A9}"
EndProject
Project("{9A19103F-16F7-4668-BE54-9A1E7A4F7556}") = "Melvicorp.CoreData", "Melvicorp.CoreData\Melvicorp.CoreData.csproj", "{439F6E59-51BA-47EA-ACF3-66FF48A89B25}"
EndProject
Global
	GlobalSection(SolutionConfigurationPlatforms) = preSolution
		Debug|Any CPU = Debug|Any CPU
		Release|Any CPU = Release|Any CPU
	EndGlobalSection
	GlobalSection(ProjectConfigurationPlatforms) = postSolution
		{EE952343-F24B-455B-99DA-612E0CE918A9}.Debug|Any CPU.ActiveCfg = Debug|Any CPU
		{EE952343-F24B-455B-99DA-612E0CE918A9}.Debug|Any CPU.Build.0 = Debug|Any CPU
		{EE952343-F24B-455B-99DA-612E0CE918A9}.Release|Any CPU.ActiveCfg = Release|Any CPU
		{EE952343-F24B-455B-99DA-612E0CE918A9}.Release|Any CPU.Build.0 = Release|Any CPU
		{439F6E59-51BA-47EA-ACF3-66FF48A89B25}.Debug|Any CPU.ActiveCfg = Debug|Any CPU
		{439F6E59-51BA-47EA-ACF3-66FF48A89B25}.Debug|Any CPU.Build.0 = Debug|Any CPU
		{439F6E59-51BA-47EA-ACF3-66FF48A89B25}.Release|Any CPU.ActiveCfg = Release|Any CPU
		{439F6E59-51BA-47EA-ACF3-66FF48A89B25}.Release|Any CPU.Build.0 = Release|Any CPU
	EndGlobalSection
	GlobalSection(SolutionProperties) = preSolution
		HideSolutionNode = FALSE
	EndGlobalSection
	GlobalSection(ExtensibilityGlobals) = postSolution
		SolutionGuid = {ECAF3A92-CA79-43A2-ADED-1C79A7E213C7}
	EndGlobalSection
EndGlobal
