
Microsoft Visual Studio Solution File, Format Version 12.00
# Visual Studio 15
VisualStudioVersion = 15.0.28307.329
MinimumVisualStudioVersion = 10.0.40219.1
Project("{9A19103F-16F7-4668-BE54-9A1E7A4F7556}") = "Lib", "Lib\Lib.csproj", "{7FA05983-8DCF-49B7-A9CD-12FB4BAD68A0}"
EndProject
Project("{9A19103F-16F7-4668-BE54-9A1E7A4F7556}") = "DemoConsole", "DemoConsole\DemoConsole.csproj", "{F5C79318-BB89-4EAA-BDF0-D8346B374D57}"
EndProject
Global
	GlobalSection(SolutionConfigurationPlatforms) = preSolution
		Debug|Any CPU = Debug|Any CPU
		Release|Any CPU = Release|Any CPU
	EndGlobalSection
	GlobalSection(ProjectConfigurationPlatforms) = postSolution
		{7FA05983-8DCF-49B7-A9CD-12FB4BAD68A0}.Debug|Any CPU.ActiveCfg = Debug|Any CPU
		{7FA05983-8DCF-49B7-A9CD-12FB4BAD68A0}.Debug|Any CPU.Build.0 = Debug|Any CPU
		{7FA05983-8DCF-49B7-A9CD-12FB4BAD68A0}.Release|Any CPU.ActiveCfg = Release|Any CPU
		{7FA05983-8DCF-49B7-A9CD-12FB4BAD68A0}.Release|Any CPU.Build.0 = Release|Any CPU
		{F5C79318-BB89-4EAA-BDF0-D8346B374D57}.Debug|Any CPU.ActiveCfg = Debug|Any CPU
		{F5C79318-BB89-4EAA-BDF0-D8346B374D57}.Debug|Any CPU.Build.0 = Debug|Any CPU
		{F5C79318-BB89-4EAA-BDF0-D8346B374D57}.Release|Any CPU.ActiveCfg = Release|Any CPU
		{F5C79318-BB89-4EAA-BDF0-D8346B374D57}.Release|Any CPU.Build.0 = Release|Any CPU
	EndGlobalSection
	GlobalSection(SolutionProperties) = preSolution
		HideSolutionNode = FALSE
	EndGlobalSection
	GlobalSection(ExtensibilityGlobals) = postSolution
		SolutionGuid = {89E635DF-4262-453A-A89E-60253F1FE654}
	EndGlobalSection
EndGlobal
