
Microsoft Visual Studio Solution File, Format Version 12.00
# Visual Studio 15
VisualStudioVersion = 15.0.28307.421
MinimumVisualStudioVersion = 10.0.40219.1
Project("{9A19103F-16F7-4668-BE54-9A1E7A4F7556}") = "Lib", "Lib\Lib.csproj", "{6FD1EACC-35A7-4DC6-A8D8-80DEBEC0A1B4}"
EndProject
Project("{FAE04EC0-301F-11D3-BF4B-00C04F79EFBC}") = "WebFormClient", "WebFormClient\WebFormClient.csproj", "{FC327BEC-0158-4810-B436-680F6D8F68C3}"
EndProject
Global
	GlobalSection(SolutionConfigurationPlatforms) = preSolution
		Debug|Any CPU = Debug|Any CPU
		Release|Any CPU = Release|Any CPU
	EndGlobalSection
	GlobalSection(ProjectConfigurationPlatforms) = postSolution
		{6FD1EACC-35A7-4DC6-A8D8-80DEBEC0A1B4}.Debug|Any CPU.ActiveCfg = Debug|Any CPU
		{6FD1EACC-35A7-4DC6-A8D8-80DEBEC0A1B4}.Debug|Any CPU.Build.0 = Debug|Any CPU
		{6FD1EACC-35A7-4DC6-A8D8-80DEBEC0A1B4}.Release|Any CPU.ActiveCfg = Release|Any CPU
		{6FD1EACC-35A7-4DC6-A8D8-80DEBEC0A1B4}.Release|Any CPU.Build.0 = Release|Any CPU
		{FC327BEC-0158-4810-B436-680F6D8F68C3}.Debug|Any CPU.ActiveCfg = Debug|Any CPU
		{FC327BEC-0158-4810-B436-680F6D8F68C3}.Debug|Any CPU.Build.0 = Debug|Any CPU
		{FC327BEC-0158-4810-B436-680F6D8F68C3}.Release|Any CPU.ActiveCfg = Release|Any CPU
		{FC327BEC-0158-4810-B436-680F6D8F68C3}.Release|Any CPU.Build.0 = Release|Any CPU
	EndGlobalSection
	GlobalSection(SolutionProperties) = preSolution
		HideSolutionNode = FALSE
	EndGlobalSection
	GlobalSection(ExtensibilityGlobals) = postSolution
		SolutionGuid = {42D400AA-26B0-4718-900F-006DC69824CE}
	EndGlobalSection
EndGlobal
