
Microsoft Visual Studio Solution File, Format Version 12.00
# Visual Studio 15
VisualStudioVersion = 15.0.28307.329
MinimumVisualStudioVersion = 10.0.40219.1
Project("{9A19103F-16F7-4668-BE54-9A1E7A4F7556}") = "Lib", "Lib\Lib.csproj", "{DBEA5F20-EF91-4D43-B2F2-F518104A5FE7}"
EndProject
Project("{9A19103F-16F7-4668-BE54-9A1E7A4F7556}") = "Tester", "Tester\Tester.csproj", "{9E7AE131-6D0B-4379-8CEB-FC7F67E6E934}"
EndProject
Project("{FAE04EC0-301F-11D3-BF4B-00C04F79EFBC}") = "SimpleContainer", "SimpleContainer\SimpleContainer.csproj", "{79CA7FE2-824B-4104-AF45-79D70FDD9EE8}"
EndProject
Global
	GlobalSection(SolutionConfigurationPlatforms) = preSolution
		Debug|Any CPU = Debug|Any CPU
		Debug|x86 = Debug|x86
		Release|Any CPU = Release|Any CPU
		Release|x86 = Release|x86
	EndGlobalSection
	GlobalSection(ProjectConfigurationPlatforms) = postSolution
		{DBEA5F20-EF91-4D43-B2F2-F518104A5FE7}.Debug|Any CPU.ActiveCfg = Debug|Any CPU
		{DBEA5F20-EF91-4D43-B2F2-F518104A5FE7}.Debug|Any CPU.Build.0 = Debug|Any CPU
		{DBEA5F20-EF91-4D43-B2F2-F518104A5FE7}.Debug|x86.ActiveCfg = Debug|Any CPU
		{DBEA5F20-EF91-4D43-B2F2-F518104A5FE7}.Debug|x86.Build.0 = Debug|Any CPU
		{DBEA5F20-EF91-4D43-B2F2-F518104A5FE7}.Release|Any CPU.ActiveCfg = Release|Any CPU
		{DBEA5F20-EF91-4D43-B2F2-F518104A5FE7}.Release|Any CPU.Build.0 = Release|Any CPU
		{DBEA5F20-EF91-4D43-B2F2-F518104A5FE7}.Release|x86.ActiveCfg = Release|Any CPU
		{DBEA5F20-EF91-4D43-B2F2-F518104A5FE7}.Release|x86.Build.0 = Release|Any CPU
		{9E7AE131-6D0B-4379-8CEB-FC7F67E6E934}.Debug|Any CPU.ActiveCfg = Debug|Any CPU
		{9E7AE131-6D0B-4379-8CEB-FC7F67E6E934}.Debug|Any CPU.Build.0 = Debug|Any CPU
		{9E7AE131-6D0B-4379-8CEB-FC7F67E6E934}.Debug|x86.ActiveCfg = Debug|Any CPU
		{9E7AE131-6D0B-4379-8CEB-FC7F67E6E934}.Debug|x86.Build.0 = Debug|Any CPU
		{9E7AE131-6D0B-4379-8CEB-FC7F67E6E934}.Release|Any CPU.ActiveCfg = Release|Any CPU
		{9E7AE131-6D0B-4379-8CEB-FC7F67E6E934}.Release|Any CPU.Build.0 = Release|Any CPU
		{9E7AE131-6D0B-4379-8CEB-FC7F67E6E934}.Release|x86.ActiveCfg = Release|Any CPU
		{9E7AE131-6D0B-4379-8CEB-FC7F67E6E934}.Release|x86.Build.0 = Release|Any CPU
		{79CA7FE2-824B-4104-AF45-79D70FDD9EE8}.Debug|Any CPU.ActiveCfg = Debug|Any CPU
		{79CA7FE2-824B-4104-AF45-79D70FDD9EE8}.Debug|Any CPU.Build.0 = Debug|Any CPU
		{79CA7FE2-824B-4104-AF45-79D70FDD9EE8}.Debug|x86.ActiveCfg = Debug|Any CPU
		{79CA7FE2-824B-4104-AF45-79D70FDD9EE8}.Debug|x86.Build.0 = Debug|Any CPU
		{79CA7FE2-824B-4104-AF45-79D70FDD9EE8}.Release|Any CPU.ActiveCfg = Release|Any CPU
		{79CA7FE2-824B-4104-AF45-79D70FDD9EE8}.Release|Any CPU.Build.0 = Release|Any CPU
		{79CA7FE2-824B-4104-AF45-79D70FDD9EE8}.Release|x86.ActiveCfg = Release|Any CPU
		{79CA7FE2-824B-4104-AF45-79D70FDD9EE8}.Release|x86.Build.0 = Release|Any CPU
	EndGlobalSection
	GlobalSection(SolutionProperties) = preSolution
		HideSolutionNode = FALSE
	EndGlobalSection
	GlobalSection(ExtensibilityGlobals) = postSolution
		SolutionGuid = {2A92366A-4457-4BCA-B072-95DBC0183B92}
	EndGlobalSection
EndGlobal
